
Microsoft Visual Studio Solution File, Format Version 12.00
# Visual Studio 15
VisualStudioVersion = 15.0.28307.438
MinimumVisualStudioVersion = 10.0.40219.1
Project("{FAE04EC0-301F-11D3-BF4B-00C04F79EFBC}") = "webSocket", "webSocket\webSocket.csproj", "{3D677BB0-F221-483B-8FF5-830815AAF201}"
EndProject
Project("{54435603-DBB4-11D2-8724-00A0C9A8B90C}") = "setup", "setup\setup.vdproj", "{607303E5-A06D-4248-9316-27D76931075D}"
EndProject
Global
	GlobalSection(SolutionConfigurationPlatforms) = preSolution
		Debug|Any CPU = Debug|Any CPU
		Release|Any CPU = Release|Any CPU
	EndGlobalSection
	GlobalSection(ProjectConfigurationPlatforms) = postSolution
		{3D677BB0-F221-483B-8FF5-830815AAF201}.Debug|Any CPU.ActiveCfg = Debug|Any CPU
		{3D677BB0-F221-483B-8FF5-830815AAF201}.Debug|Any CPU.Build.0 = Debug|Any CPU
		{3D677BB0-F221-483B-8FF5-830815AAF201}.Release|Any CPU.ActiveCfg = Release|Any CPU
		{3D677BB0-F221-483B-8FF5-830815AAF201}.Release|Any CPU.Build.0 = Release|Any CPU
		{607303E5-A06D-4248-9316-27D76931075D}.Debug|Any CPU.ActiveCfg = Debug
		{607303E5-A06D-4248-9316-27D76931075D}.Release|Any CPU.ActiveCfg = Release
	EndGlobalSection
	GlobalSection(SolutionProperties) = preSolution
		HideSolutionNode = FALSE
	EndGlobalSection
	GlobalSection(ExtensibilityGlobals) = postSolution
		SolutionGuid = {44E35A7E-E9D8-4352-9247-2ECA95DF08C7}
	EndGlobalSection
EndGlobal
